
Microsoft Visual Studio Solution File, Format Version 12.00
# Visual Studio Version 18
VisualStudioVersion = 18.4.11612.150 stable
MinimumVisualStudioVersion = 10.0.40219.1
Project("{FAE04EC0-301F-11D3-BF4B-00C04F79EFBC}") = "RealTimeMarketAPI.Sdk", "RealTimeMarketAPI.Sdk.csproj", "{2266DA39-A3BA-FEA6-1B00-445E36277274}"
EndProject
Global
	GlobalSection(SolutionConfigurationPlatforms) = preSolution
		Debug|Any CPU = Debug|Any CPU
		Release|Any CPU = Release|Any CPU
	EndGlobalSection
	GlobalSection(ProjectConfigurationPlatforms) = postSolution
		{2266DA39-A3BA-FEA6-1B00-445E36277274}.Debug|Any CPU.ActiveCfg = Debug|Any CPU
		{2266DA39-A3BA-FEA6-1B00-445E36277274}.Debug|Any CPU.Build.0 = Debug|Any CPU
		{2266DA39-A3BA-FEA6-1B00-445E36277274}.Release|Any CPU.ActiveCfg = Release|Any CPU
		{2266DA39-A3BA-FEA6-1B00-445E36277274}.Release|Any CPU.Build.0 = Release|Any CPU
	EndGlobalSection
	GlobalSection(SolutionProperties) = preSolution
		HideSolutionNode = FALSE
	EndGlobalSection
	GlobalSection(ExtensibilityGlobals) = postSolution
		SolutionGuid = {6DDCF0B4-F75B-4EF1-970D-3B1902903808}
	EndGlobalSection
EndGlobal
